
Microsoft Visual Studio Solution File, Format Version 11.00
# Visual Studio 2010
Project("{FAE04EC0-301F-11D3-BF4B-00C04F79EFBC}") = "UnityEngine.UI", "UnityEngine.UI.csproj", "{49C57DBB-AD41-5799-7388-20D2F6CED6EE}"
EndProject
Project("{FAE04EC0-301F-11D3-BF4B-00C04F79EFBC}") = "Unity.2D.PixelPerfect.Tests", "Unity.2D.PixelPerfect.Tests.csproj", "{2AA99D7D-2674-0E0C-BD58-84B5FDA5883F}"
EndProject
Project("{FAE04EC0-301F-11D3-BF4B-00C04F79EFBC}") = "UnityEngine.TestRunner", "UnityEngine.TestRunner.csproj", "{DD8D6D72-787E-506B-7E5F-26DBA4B0EF6D}"
EndProject
Project("{FAE04EC0-301F-11D3-BF4B-00C04F79EFBC}") = "Unity.Mathematics", "Unity.Mathematics.csproj", "{485C3DC0-1109-D0BE-4CD6-993F7E654E87}"
EndProject
Project("{FAE04EC0-301F-11D3-BF4B-00C04F79EFBC}") = "Unity.2D.Animation.Triangle.Runtime", "Unity.2D.Animation.Triangle.Runtime.csproj", "{CCEC4F0C-D5B5-D99F-D23D-B05149CC51F4}"
EndProject
Project("{FAE04EC0-301F-11D3-BF4B-00C04F79EFBC}") = "UnityEngine.UI.Tests", "UnityEngine.UI.Tests.csproj", "{880C8492-80A0-EFB6-4EEB-BD022DFC8CBB}"
EndProject
Project("{FAE04EC0-301F-11D3-BF4B-00C04F79EFBC}") = "Unity.Timeline", "Unity.Timeline.csproj", "{20626102-03DA-5338-F7E4-A05051D6F0EF}"
EndProject
Project("{FAE04EC0-301F-11D3-BF4B-00C04F79EFBC}") = "Unity.TextMeshPro", "Unity.TextMeshPro.csproj", "{00C51554-2AE0-6269-237F-521B4E411C93}"
EndProject
Project("{FAE04EC0-301F-11D3-BF4B-00C04F79EFBC}") = "Unity.2D.Animation.Runtime", "Unity.2D.Animation.Runtime.csproj", "{6363D875-4529-3A12-9E27-103058DB8E73}"
EndProject
Project("{FAE04EC0-301F-11D3-BF4B-00C04F79EFBC}") = "Unity.2D.IK.Runtime", "Unity.2D.IK.Runtime.csproj", "{206CF975-A558-15F4-8F14-25630D10E1B2}"
EndProject
Project("{FAE04EC0-301F-11D3-BF4B-00C04F79EFBC}") = "Assembly-CSharp", "Assembly-CSharp.csproj", "{1B7867C9-0190-C945-68BA-53D2A57F3BBA}"
EndProject
Project("{FAE04EC0-301F-11D3-BF4B-00C04F79EFBC}") = "Unity.2D.SpriteShape.Runtime", "Unity.2D.SpriteShape.Runtime.csproj", "{D4BAB015-1BE7-DAEB-47FA-80795364B568}"
EndProject
Project("{FAE04EC0-301F-11D3-BF4B-00C04F79EFBC}") = "Unity.2D.PixelPerfect", "Unity.2D.PixelPerfect.csproj", "{469B2F3D-C25F-7C03-093E-6BD8105E9C60}"
EndProject
Project("{FAE04EC0-301F-11D3-BF4B-00C04F79EFBC}") = "Unity.2D.Common.Runtime", "Unity.2D.Common.Runtime.csproj", "{E9B6D0E3-2E57-0EA0-CCF6-D0FD707C84F0}"
EndProject
Project("{FAE04EC0-301F-11D3-BF4B-00C04F79EFBC}") = "Unity.TextMeshPro.Tests", "Unity.TextMeshPro.Tests.csproj", "{16007F6F-994C-EF6B-3BF3-0DD45E1D5261}"
EndProject
Project("{FAE04EC0-301F-11D3-BF4B-00C04F79EFBC}") = "Unity.InternalAPIEngineBridge.001", "Unity.InternalAPIEngineBridge.001.csproj", "{2BFFCE61-D36F-D9E5-1FC0-756EE1DFC3D8}"
EndProject
Project("{FAE04EC0-301F-11D3-BF4B-00C04F79EFBC}") = "UnityEditor.TestRunner", "UnityEditor.TestRunner.csproj", "{EC3A5372-EE43-C9FC-E6E0-7363A8C6998B}"
EndProject
Project("{FAE04EC0-301F-11D3-BF4B-00C04F79EFBC}") = "Unity.PlasticSCM.Editor", "Unity.PlasticSCM.Editor.csproj", "{2E0C0271-8A42-F24B-64BF-48DC21C21E5E}"
EndProject
Project("{FAE04EC0-301F-11D3-BF4B-00C04F79EFBC}") = "UnityEditor.UI", "UnityEditor.UI.csproj", "{0ED183FF-FF5B-401C-399F-BAAE736A90FF}"
EndProject
Project("{FAE04EC0-301F-11D3-BF4B-00C04F79EFBC}") = "Unity.Services.Core.Editor", "Unity.Services.Core.Editor.csproj", "{B952282C-3931-C653-B207-040A5EDBBA6E}"
EndProject
Project("{FAE04EC0-301F-11D3-BF4B-00C04F79EFBC}") = "Unity.Timeline.Editor", "Unity.Timeline.Editor.csproj", "{071DC918-BC7A-03BC-1AEA-76FDDEAC18DB}"
EndProject
Project("{FAE04EC0-301F-11D3-BF4B-00C04F79EFBC}") = "Unity.VisualStudio.Editor", "Unity.VisualStudio.Editor.csproj", "{7BD09018-8F1A-FE2B-0614-F5CD124BB50A}"
EndProject
Project("{FAE04EC0-301F-11D3-BF4B-00C04F79EFBC}") = "Unity.2D.Psdimporter.Editor", "Unity.2D.Psdimporter.Editor.csproj", "{76D7C499-B4EF-83D7-6052-BC94E985C7DF}"
EndProject
Project("{FAE04EC0-301F-11D3-BF4B-00C04F79EFBC}") = "Unity.2D.Animation.Editor", "Unity.2D.Animation.Editor.csproj", "{3E551A5A-9DDC-F034-7842-101FF37083DD}"
EndProject
Project("{FAE04EC0-301F-11D3-BF4B-00C04F79EFBC}") = "Unity.TextMeshPro.Editor", "Unity.TextMeshPro.Editor.csproj", "{2F2AFC55-6320-77C0-5540-51B6A9D1DE73}"
EndProject
Project("{FAE04EC0-301F-11D3-BF4B-00C04F79EFBC}") = "Unity.2D.SpriteShape.Editor", "Unity.2D.SpriteShape.Editor.csproj", "{C08413A7-69A6-19ED-6F67-0C7B9D601F4A}"
EndProject
Project("{FAE04EC0-301F-11D3-BF4B-00C04F79EFBC}") = "Unity.CollabProxy.Editor", "Unity.CollabProxy.Editor.csproj", "{43717455-210D-30A5-4526-C7E1B1382716}"
EndProject
Project("{FAE04EC0-301F-11D3-BF4B-00C04F79EFBC}") = "PsdPlugin", "PsdPlugin.csproj", "{91CEA5AC-0BAC-F26E-2B8C-67748B40CA4A}"
EndProject
Project("{FAE04EC0-301F-11D3-BF4B-00C04F79EFBC}") = "DocCodeExamples", "DocCodeExamples.csproj", "{CDE3F162-8A12-E309-0875-8AA961A954F7}"
EndProject
Project("{FAE04EC0-301F-11D3-BF4B-00C04F79EFBC}") = "Unity.2D.Path.Editor", "Unity.2D.Path.Editor.csproj", "{8198CCF0-CAC5-3603-8B14-72A2F6F2D501}"
EndProject
Project("{FAE04EC0-301F-11D3-BF4B-00C04F79EFBC}") = "Unity.Mathematics.Tests", "Unity.Mathematics.Tests.csproj", "{720A6078-AB43-438F-2AD4-9BAC9320F934}"
EndProject
Project("{FAE04EC0-301F-11D3-BF4B-00C04F79EFBC}") = "Unity.PlasticSCM.EditorTests", "Unity.PlasticSCM.EditorTests.csproj", "{6AC2099E-B032-45AF-4C54-581F359D5A17}"
EndProject
Project("{FAE04EC0-301F-11D3-BF4B-00C04F79EFBC}") = "Unity.Rider.Editor", "Unity.Rider.Editor.csproj", "{6793EE7D-A40D-D86C-56E7-EFCDE3AFDC98}"
EndProject
Project("{FAE04EC0-301F-11D3-BF4B-00C04F79EFBC}") = "UnityEditor.UI.EditorTests", "UnityEditor.UI.EditorTests.csproj", "{0F3AE6B5-000B-BDDB-17AE-15DCE44CB877}"
EndProject
Project("{FAE04EC0-301F-11D3-BF4B-00C04F79EFBC}") = "Unity.CollabProxy.EditorTests", "Unity.CollabProxy.EditorTests.csproj", "{A1265155-5CF0-9013-9168-3F8615A2C013}"
EndProject
Project("{FAE04EC0-301F-11D3-BF4B-00C04F79EFBC}") = "Unity.2D.IK.Editor", "Unity.2D.IK.Editor.csproj", "{FC92F7AE-748C-483B-7D90-C0334C033CEA}"
EndProject
Project("{FAE04EC0-301F-11D3-BF4B-00C04F79EFBC}") = "Unity.2D.SpriteShape.EditorTests", "Unity.2D.SpriteShape.EditorTests.csproj", "{1A2B179F-16CB-F9F4-DAA0-C49BE7753BA9}"
EndProject
Project("{FAE04EC0-301F-11D3-BF4B-00C04F79EFBC}") = "Unity.2D.Sprite.Editor", "Unity.2D.Sprite.Editor.csproj", "{96C53013-2684-F4FF-B6B4-DBEA6D87F9D6}"
EndProject
Project("{FAE04EC0-301F-11D3-BF4B-00C04F79EFBC}") = "Unity.2D.Tilemap.Editor", "Unity.2D.Tilemap.Editor.csproj", "{6CBEA0C0-62F5-6FD7-FB82-1A1C8243C39F}"
EndProject
Project("{FAE04EC0-301F-11D3-BF4B-00C04F79EFBC}") = "Unity.2D.PixelPerfect.Editor", "Unity.2D.PixelPerfect.Editor.csproj", "{1AFC219C-A52E-BD2D-9855-B2B5BB366AB4}"
EndProject
Project("{FAE04EC0-301F-11D3-BF4B-00C04F79EFBC}") = "Unity.VSCode.Editor", "Unity.VSCode.Editor.csproj", "{AA507779-A225-C13B-305F-3FD24733C16B}"
EndProject
Project("{FAE04EC0-301F-11D3-BF4B-00C04F79EFBC}") = "Unity.2D.Common.Editor", "Unity.2D.Common.Editor.csproj", "{8531771B-4012-DC63-DEFF-BDD724133D35}"
EndProject
Project("{FAE04EC0-301F-11D3-BF4B-00C04F79EFBC}") = "Unity.Mathematics.Editor", "Unity.Mathematics.Editor.csproj", "{1EEF3B54-351B-0E40-885E-6772A1A2D782}"
EndProject
Project("{FAE04EC0-301F-11D3-BF4B-00C04F79EFBC}") = "Unity.2D.PixelPerfect.Editor.Tests", "Unity.2D.PixelPerfect.Editor.Tests.csproj", "{CFDCD590-69BA-FB9D-0011-FCC4249B07F8}"
EndProject
Project("{FAE04EC0-301F-11D3-BF4B-00C04F79EFBC}") = "Unity.2D.Common.EditorTests", "Unity.2D.Common.EditorTests.csproj", "{1934A269-B590-EB26-5B87-09336A737E92}"
EndProject
Project("{FAE04EC0-301F-11D3-BF4B-00C04F79EFBC}") = "Unity.2D.Path.Tests", "Unity.2D.Path.Tests.csproj", "{C94CF819-54AA-6DB1-F700-8AA3A0243899}"
EndProject
Project("{FAE04EC0-301F-11D3-BF4B-00C04F79EFBC}") = "Unity.InternalAPIEditorBridge.001", "Unity.InternalAPIEditorBridge.001.csproj", "{D37032AB-26A8-73D2-D903-0BE77200D5D0}"
EndProject
Project("{FAE04EC0-301F-11D3-BF4B-00C04F79EFBC}") = "Unity.2D.Tilemap.Package.EditorTests", "Unity.2D.Tilemap.Package.EditorTests.csproj", "{9C365772-3775-90DC-9571-8D133C0D82C8}"
EndProject
Project("{FAE04EC0-301F-11D3-BF4B-00C04F79EFBC}") = "Unity.2D.Psdimporter.EditorTests", "Unity.2D.Psdimporter.EditorTests.csproj", "{C0DA56FA-4A85-0515-B313-4F255E21E5D9}"
EndProject
Project("{FAE04EC0-301F-11D3-BF4B-00C04F79EFBC}") = "Unity.2D.Sprite.Package.EditorTests", "Unity.2D.Sprite.Package.EditorTests.csproj", "{9CB9CC53-F7CB-D787-464A-0EED0A5414DD}"
EndProject
Project("{FAE04EC0-301F-11D3-BF4B-00C04F79EFBC}") = "Unity.Nuget.NewtonsoftJson.EditorTests", "Unity.Nuget.NewtonsoftJson.EditorTests.csproj", "{0FF32740-5218-1A02-2891-CE8318D61D3E}"
EndProject
Project("{FAE04EC0-301F-11D3-BF4B-00C04F79EFBC}") = "Unity.TextMeshPro.Editor.Tests", "Unity.TextMeshPro.Editor.Tests.csproj", "{BA8C7A0A-66C5-B10C-0C90-E1FE8493C033}"
EndProject
Project("{FAE04EC0-301F-11D3-BF4B-00C04F79EFBC}") = "Unity.2D.Animation.EditorTests", "Unity.2D.Animation.EditorTests.csproj", "{3BAC2BB2-EB7E-BA92-04F6-731830CFA388}"
EndProject
Global
	GlobalSection(SolutionConfigurationPlatforms) = preSolution
		Debug|Any CPU = Debug|Any CPU
		Release|Any CPU = Release|Any CPU
	EndGlobalSection
	GlobalSection(ProjectConfigurationPlatforms) = postSolution
		{49C57DBB-AD41-5799-7388-20D2F6CED6EE}.Debug|Any CPU.ActiveCfg = Debug|Any CPU
		{49C57DBB-AD41-5799-7388-20D2F6CED6EE}.Debug|Any CPU.Build.0 = Debug|Any CPU
		{49C57DBB-AD41-5799-7388-20D2F6CED6EE}.Release|Any CPU.ActiveCfg = Release|Any CPU
		{49C57DBB-AD41-5799-7388-20D2F6CED6EE}.Release|Any CPU.Build.0 = Release|Any CPU
		{2AA99D7D-2674-0E0C-BD58-84B5FDA5883F}.Debug|Any CPU.ActiveCfg = Debug|Any CPU
		{2AA99D7D-2674-0E0C-BD58-84B5FDA5883F}.Debug|Any CPU.Build.0 = Debug|Any CPU
		{2AA99D7D-2674-0E0C-BD58-84B5FDA5883F}.Release|Any CPU.ActiveCfg = Release|Any CPU
		{2AA99D7D-2674-0E0C-BD58-84B5FDA5883F}.Release|Any CPU.Build.0 = Release|Any CPU
		{DD8D6D72-787E-506B-7E5F-26DBA4B0EF6D}.Debug|Any CPU.ActiveCfg = Debug|Any CPU
		{DD8D6D72-787E-506B-7E5F-26DBA4B0EF6D}.Debug|Any CPU.Build.0 = Debug|Any CPU
		{DD8D6D72-787E-506B-7E5F-26DBA4B0EF6D}.Release|Any CPU.ActiveCfg = Release|Any CPU
		{DD8D6D72-787E-506B-7E5F-26DBA4B0EF6D}.Release|Any CPU.Build.0 = Release|Any CPU
		{485C3DC0-1109-D0BE-4CD6-993F7E654E87}.Debug|Any CPU.ActiveCfg = Debug|Any CPU
		{485C3DC0-1109-D0BE-4CD6-993F7E654E87}.Debug|Any CPU.Build.0 = Debug|Any CPU
		{485C3DC0-1109-D0BE-4CD6-993F7E654E87}.Release|Any CPU.ActiveCfg = Release|Any CPU
		{485C3DC0-1109-D0BE-4CD6-993F7E654E87}.Release|Any CPU.Build.0 = Release|Any CPU
		{CCEC4F0C-D5B5-D99F-D23D-B05149CC51F4}.Debug|Any CPU.ActiveCfg = Debug|Any CPU
		{CCEC4F0C-D5B5-D99F-D23D-B05149CC51F4}.Debug|Any CPU.Build.0 = Debug|Any CPU
		{CCEC4F0C-D5B5-D99F-D23D-B05149CC51F4}.Release|Any CPU.ActiveCfg = Release|Any CPU
		{CCEC4F0C-D5B5-D99F-D23D-B05149CC51F4}.Release|Any CPU.Build.0 = Release|Any CPU
		{880C8492-80A0-EFB6-4EEB-BD022DFC8CBB}.Debug|Any CPU.ActiveCfg = Debug|Any CPU
		{880C8492-80A0-EFB6-4EEB-BD022DFC8CBB}.Debug|Any CPU.Build.0 = Debug|Any CPU
		{880C8492-80A0-EFB6-4EEB-BD022DFC8CBB}.Release|Any CPU.ActiveCfg = Release|Any CPU
		{880C8492-80A0-EFB6-4EEB-BD022DFC8CBB}.Release|Any CPU.Build.0 = Release|Any CPU
		{20626102-03DA-5338-F7E4-A05051D6F0EF}.Debug|Any CPU.ActiveCfg = Debug|Any CPU
		{20626102-03DA-5338-F7E4-A05051D6F0EF}.Debug|Any CPU.Build.0 = Debug|Any CPU
		{20626102-03DA-5338-F7E4-A05051D6F0EF}.Release|Any CPU.ActiveCfg = Release|Any CPU
		{20626102-03DA-5338-F7E4-A05051D6F0EF}.Release|Any CPU.Build.0 = Release|Any CPU
		{00C51554-2AE0-6269-237F-521B4E411C93}.Debug|Any CPU.ActiveCfg = Debug|Any CPU
		{00C51554-2AE0-6269-237F-521B4E411C93}.Debug|Any CPU.Build.0 = Debug|Any CPU
		{00C51554-2AE0-6269-237F-521B4E411C93}.Release|Any CPU.ActiveCfg = Release|Any CPU
		{00C51554-2AE0-6269-237F-521B4E411C93}.Release|Any CPU.Build.0 = Release|Any CPU
		{6363D875-4529-3A12-9E27-103058DB8E73}.Debug|Any CPU.ActiveCfg = Debug|Any CPU
		{6363D875-4529-3A12-9E27-103058DB8E73}.Debug|Any CPU.Build.0 = Debug|Any CPU
		{6363D875-4529-3A12-9E27-103058DB8E73}.Release|Any CPU.ActiveCfg = Release|Any CPU
		{6363D875-4529-3A12-9E27-103058DB8E73}.Release|Any CPU.Build.0 = Release|Any CPU
		{206CF975-A558-15F4-8F14-25630D10E1B2}.Debug|Any CPU.ActiveCfg = Debug|Any CPU
		{206CF975-A558-15F4-8F14-25630D10E1B2}.Debug|Any CPU.Build.0 = Debug|Any CPU
		{206CF975-A558-15F4-8F14-25630D10E1B2}.Release|Any CPU.ActiveCfg = Release|Any CPU
		{206CF975-A558-15F4-8F14-25630D10E1B2}.Release|Any CPU.Build.0 = Release|Any CPU
		{1B7867C9-0190-C945-68BA-53D2A57F3BBA}.Debug|Any CPU.ActiveCfg = Debug|Any CPU
		{1B7867C9-0190-C945-68BA-53D2A57F3BBA}.Debug|Any CPU.Build.0 = Debug|Any CPU
		{1B7867C9-0190-C945-68BA-53D2A57F3BBA}.Release|Any CPU.ActiveCfg = Release|Any CPU
		{1B7867C9-0190-C945-68BA-53D2A57F3BBA}.Release|Any CPU.Build.0 = Release|Any CPU
		{D4BAB015-1BE7-DAEB-47FA-80795364B568}.Debug|Any CPU.ActiveCfg = Debug|Any CPU
		{D4BAB015-1BE7-DAEB-47FA-80795364B568}.Debug|Any CPU.Build.0 = Debug|Any CPU
		{D4BAB015-1BE7-DAEB-47FA-80795364B568}.Release|Any CPU.ActiveCfg = Release|Any CPU
		{D4BAB015-1BE7-DAEB-47FA-80795364B568}.Release|Any CPU.Build.0 = Release|Any CPU
		{469B2F3D-C25F-7C03-093E-6BD8105E9C60}.Debug|Any CPU.ActiveCfg = Debug|Any CPU
		{469B2F3D-C25F-7C03-093E-6BD8105E9C60}.Debug|Any CPU.Build.0 = Debug|Any CPU
		{469B2F3D-C25F-7C03-093E-6BD8105E9C60}.Release|Any CPU.ActiveCfg = Release|Any CPU
		{469B2F3D-C25F-7C03-093E-6BD8105E9C60}.Release|Any CPU.Build.0 = Release|Any CPU
		{E9B6D0E3-2E57-0EA0-CCF6-D0FD707C84F0}.Debug|Any CPU.ActiveCfg = Debug|Any CPU
		{E9B6D0E3-2E57-0EA0-CCF6-D0FD707C84F0}.Debug|Any CPU.Build.0 = Debug|Any CPU
		{E9B6D0E3-2E57-0EA0-CCF6-D0FD707C84F0}.Release|Any CPU.ActiveCfg = Release|Any CPU
		{E9B6D0E3-2E57-0EA0-CCF6-D0FD707C84F0}.Release|Any CPU.Build.0 = Release|Any CPU
		{16007F6F-994C-EF6B-3BF3-0DD45E1D5261}.Debug|Any CPU.ActiveCfg = Debug|Any CPU
		{16007F6F-994C-EF6B-3BF3-0DD45E1D5261}.Debug|Any CPU.Build.0 = Debug|Any CPU
		{16007F6F-994C-EF6B-3BF3-0DD45E1D5261}.Release|Any CPU.ActiveCfg = Release|Any CPU
		{16007F6F-994C-EF6B-3BF3-0DD45E1D5261}.Release|Any CPU.Build.0 = Release|Any CPU
		{2BFFCE61-D36F-D9E5-1FC0-756EE1DFC3D8}.Debug|Any CPU.ActiveCfg = Debug|Any CPU
		{2BFFCE61-D36F-D9E5-1FC0-756EE1DFC3D8}.Debug|Any CPU.Build.0 = Debug|Any CPU
		{2BFFCE61-D36F-D9E5-1FC0-756EE1DFC3D8}.Release|Any CPU.ActiveCfg = Release|Any CPU
		{2BFFCE61-D36F-D9E5-1FC0-756EE1DFC3D8}.Release|Any CPU.Build.0 = Release|Any CPU
		{EC3A5372-EE43-C9FC-E6E0-7363A8C6998B}.Debug|Any CPU.ActiveCfg = Debug|Any CPU
		{EC3A5372-EE43-C9FC-E6E0-7363A8C6998B}.Debug|Any CPU.Build.0 = Debug|Any CPU
		{EC3A5372-EE43-C9FC-E6E0-7363A8C6998B}.Release|Any CPU.ActiveCfg = Release|Any CPU
		{EC3A5372-EE43-C9FC-E6E0-7363A8C6998B}.Release|Any CPU.Build.0 = Release|Any CPU
		{2E0C0271-8A42-F24B-64BF-48DC21C21E5E}.Debug|Any CPU.ActiveCfg = Debug|Any CPU
		{2E0C0271-8A42-F24B-64BF-48DC21C21E5E}.Debug|Any CPU.Build.0 = Debug|Any CPU
		{2E0C0271-8A42-F24B-64BF-48DC21C21E5E}.Release|Any CPU.ActiveCfg = Release|Any CPU
		{2E0C0271-8A42-F24B-64BF-48DC21C21E5E}.Release|Any CPU.Build.0 = Release|Any CPU
		{0ED183FF-FF5B-401C-399F-BAAE736A90FF}.Debug|Any CPU.ActiveCfg = Debug|Any CPU
		{0ED183FF-FF5B-401C-399F-BAAE736A90FF}.Debug|Any CPU.Build.0 = Debug|Any CPU
		{0ED183FF-FF5B-401C-399F-BAAE736A90FF}.Release|Any CPU.ActiveCfg = Release|Any CPU
		{0ED183FF-FF5B-401C-399F-BAAE736A90FF}.Release|Any CPU.Build.0 = Release|Any CPU
		{B952282C-3931-C653-B207-040A5EDBBA6E}.Debug|Any CPU.ActiveCfg = Debug|Any CPU
		{B952282C-3931-C653-B207-040A5EDBBA6E}.Debug|Any CPU.Build.0 = Debug|Any CPU
		{B952282C-3931-C653-B207-040A5EDBBA6E}.Release|Any CPU.ActiveCfg = Release|Any CPU
		{B952282C-3931-C653-B207-040A5EDBBA6E}.Release|Any CPU.Build.0 = Release|Any CPU
		{071DC918-BC7A-03BC-1AEA-76FDDEAC18DB}.Debug|Any CPU.ActiveCfg = Debug|Any CPU
		{071DC918-BC7A-03BC-1AEA-76FDDEAC18DB}.Debug|Any CPU.Build.0 = Debug|Any CPU
		{071DC918-BC7A-03BC-1AEA-76FDDEAC18DB}.Release|Any CPU.ActiveCfg = Release|Any CPU
		{071DC918-BC7A-03BC-1AEA-76FDDEAC18DB}.Release|Any CPU.Build.0 = Release|Any CPU
		{7BD09018-8F1A-FE2B-0614-F5CD124BB50A}.Debug|Any CPU.ActiveCfg = Debug|Any CPU
		{7BD09018-8F1A-FE2B-0614-F5CD124BB50A}.Debug|Any CPU.Build.0 = Debug|Any CPU
		{7BD09018-8F1A-FE2B-0614-F5CD124BB50A}.Release|Any CPU.ActiveCfg = Release|Any CPU
		{7BD09018-8F1A-FE2B-0614-F5CD124BB50A}.Release|Any CPU.Build.0 = Release|Any CPU
		{76D7C499-B4EF-83D7-6052-BC94E985C7DF}.Debug|Any CPU.ActiveCfg = Debug|Any CPU
		{76D7C499-B4EF-83D7-6052-BC94E985C7DF}.Debug|Any CPU.Build.0 = Debug|Any CPU
		{76D7C499-B4EF-83D7-6052-BC94E985C7DF}.Release|Any CPU.ActiveCfg = Release|Any CPU
		{76D7C499-B4EF-83D7-6052-BC94E985C7DF}.Release|Any CPU.Build.0 = Release|Any CPU
		{3E551A5A-9DDC-F034-7842-101FF37083DD}.Debug|Any CPU.ActiveCfg = Debug|Any CPU
		{3E551A5A-9DDC-F034-7842-101FF37083DD}.Debug|Any CPU.Build.0 = Debug|Any CPU
		{3E551A5A-9DDC-F034-7842-101FF37083DD}.Release|Any CPU.ActiveCfg = Release|Any CPU
		{3E551A5A-9DDC-F034-7842-101FF37083DD}.Release|Any CPU.Build.0 = Release|Any CPU
		{2F2AFC55-6320-77C0-5540-51B6A9D1DE73}.Debug|Any CPU.ActiveCfg = Debug|Any CPU
		{2F2AFC55-6320-77C0-5540-51B6A9D1DE73}.Debug|Any CPU.Build.0 = Debug|Any CPU
		{2F2AFC55-6320-77C0-5540-51B6A9D1DE73}.Release|Any CPU.ActiveCfg = Release|Any CPU
		{2F2AFC55-6320-77C0-5540-51B6A9D1DE73}.Release|Any CPU.Build.0 = Release|Any CPU
		{C08413A7-69A6-19ED-6F67-0C7B9D601F4A}.Debug|Any CPU.ActiveCfg = Debug|Any CPU
		{C08413A7-69A6-19ED-6F67-0C7B9D601F4A}.Debug|Any CPU.Build.0 = Debug|Any CPU
		{C08413A7-69A6-19ED-6F67-0C7B9D601F4A}.Release|Any CPU.ActiveCfg = Release|Any CPU
		{C08413A7-69A6-19ED-6F67-0C7B9D601F4A}.Release|Any CPU.Build.0 = Release|Any CPU
		{43717455-210D-30A5-4526-C7E1B1382716}.Debug|Any CPU.ActiveCfg = Debug|Any CPU
		{43717455-210D-30A5-4526-C7E1B1382716}.Debug|Any CPU.Build.0 = Debug|Any CPU
		{43717455-210D-30A5-4526-C7E1B1382716}.Release|Any CPU.ActiveCfg = Release|Any CPU
		{43717455-210D-30A5-4526-C7E1B1382716}.Release|Any CPU.Build.0 = Release|Any CPU
		{91CEA5AC-0BAC-F26E-2B8C-67748B40CA4A}.Debug|Any CPU.ActiveCfg = Debug|Any CPU
		{91CEA5AC-0BAC-F26E-2B8C-67748B40CA4A}.Debug|Any CPU.Build.0 = Debug|Any CPU
		{91CEA5AC-0BAC-F26E-2B8C-67748B40CA4A}.Release|Any CPU.ActiveCfg = Release|Any CPU
		{91CEA5AC-0BAC-F26E-2B8C-67748B40CA4A}.Release|Any CPU.Build.0 = Release|Any CPU
		{CDE3F162-8A12-E309-0875-8AA961A954F7}.Debug|Any CPU.ActiveCfg = Debug|Any CPU
		{CDE3F162-8A12-E309-0875-8AA961A954F7}.Debug|Any CPU.Build.0 = Debug|Any CPU
		{CDE3F162-8A12-E309-0875-8AA961A954F7}.Release|Any CPU.ActiveCfg = Release|Any CPU
		{CDE3F162-8A12-E309-0875-8AA961A954F7}.Release|Any CPU.Build.0 = Release|Any CPU
		{8198CCF0-CAC5-3603-8B14-72A2F6F2D501}.Debug|Any CPU.ActiveCfg = Debug|Any CPU
		{8198CCF0-CAC5-3603-8B14-72A2F6F2D501}.Debug|Any CPU.Build.0 = Debug|Any CPU
		{8198CCF0-CAC5-3603-8B14-72A2F6F2D501}.Release|Any CPU.ActiveCfg = Release|Any CPU
		{8198CCF0-CAC5-3603-8B14-72A2F6F2D501}.Release|Any CPU.Build.0 = Release|Any CPU
		{720A6078-AB43-438F-2AD4-9BAC9320F934}.Debug|Any CPU.ActiveCfg = Debug|Any CPU
		{720A6078-AB43-438F-2AD4-9BAC9320F934}.Debug|Any CPU.Build.0 = Debug|Any CPU
		{720A6078-AB43-438F-2AD4-9BAC9320F934}.Release|Any CPU.ActiveCfg = Release|Any CPU
		{720A6078-AB43-438F-2AD4-9BAC9320F934}.Release|Any CPU.Build.0 = Release|Any CPU
		{6AC2099E-B032-45AF-4C54-581F359D5A17}.Debug|Any CPU.ActiveCfg = Debug|Any CPU
		{6AC2099E-B032-45AF-4C54-581F359D5A17}.Debug|Any CPU.Build.0 = Debug|Any CPU
		{6AC2099E-B032-45AF-4C54-581F359D5A17}.Release|Any CPU.ActiveCfg = Release|Any CPU
		{6AC2099E-B032-45AF-4C54-581F359D5A17}.Release|Any CPU.Build.0 = Release|Any CPU
		{6793EE7D-A40D-D86C-56E7-EFCDE3AFDC98}.Debug|Any CPU.ActiveCfg = Debug|Any CPU
		{6793EE7D-A40D-D86C-56E7-EFCDE3AFDC98}.Debug|Any CPU.Build.0 = Debug|Any CPU
		{6793EE7D-A40D-D86C-56E7-EFCDE3AFDC98}.Release|Any CPU.ActiveCfg = Release|Any CPU
		{6793EE7D-A40D-D86C-56E7-EFCDE3AFDC98}.Release|Any CPU.Build.0 = Release|Any CPU
		{0F3AE6B5-000B-BDDB-17AE-15DCE44CB877}.Debug|Any CPU.ActiveCfg = Debug|Any CPU
		{0F3AE6B5-000B-BDDB-17AE-15DCE44CB877}.Debug|Any CPU.Build.0 = Debug|Any CPU
		{0F3AE6B5-000B-BDDB-17AE-15DCE44CB877}.Release|Any CPU.ActiveCfg = Release|Any CPU
		{0F3AE6B5-000B-BDDB-17AE-15DCE44CB877}.Release|Any CPU.Build.0 = Release|Any CPU
		{A1265155-5CF0-9013-9168-3F8615A2C013}.Debug|Any CPU.ActiveCfg = Debug|Any CPU
		{A1265155-5CF0-9013-9168-3F8615A2C013}.Debug|Any CPU.Build.0 = Debug|Any CPU
		{A1265155-5CF0-9013-9168-3F8615A2C013}.Release|Any CPU.ActiveCfg = Release|Any CPU
		{A1265155-5CF0-9013-9168-3F8615A2C013}.Release|Any CPU.Build.0 = Release|Any CPU
		{FC92F7AE-748C-483B-7D90-C0334C033CEA}.Debug|Any CPU.ActiveCfg = Debug|Any CPU
		{FC92F7AE-748C-483B-7D90-C0334C033CEA}.Debug|Any CPU.Build.0 = Debug|Any CPU
		{FC92F7AE-748C-483B-7D90-C0334C033CEA}.Release|Any CPU.ActiveCfg = Release|Any CPU
		{FC92F7AE-748C-483B-7D90-C0334C033CEA}.Release|Any CPU.Build.0 = Release|Any CPU
		{1A2B179F-16CB-F9F4-DAA0-C49BE7753BA9}.Debug|Any CPU.ActiveCfg = Debug|Any CPU
		{1A2B179F-16CB-F9F4-DAA0-C49BE7753BA9}.Debug|Any CPU.Build.0 = Debug|Any CPU
		{1A2B179F-16CB-F9F4-DAA0-C49BE7753BA9}.Release|Any CPU.ActiveCfg = Release|Any CPU
		{1A2B179F-16CB-F9F4-DAA0-C49BE7753BA9}.Release|Any CPU.Build.0 = Release|Any CPU
		{96C53013-2684-F4FF-B6B4-DBEA6D87F9D6}.Debug|Any CPU.ActiveCfg = Debug|Any CPU
		{96C53013-2684-F4FF-B6B4-DBEA6D87F9D6}.Debug|Any CPU.Build.0 = Debug|Any CPU
		{96C53013-2684-F4FF-B6B4-DBEA6D87F9D6}.Release|Any CPU.ActiveCfg = Release|Any CPU
		{96C53013-2684-F4FF-B6B4-DBEA6D87F9D6}.Release|Any CPU.Build.0 = Release|Any CPU
		{6CBEA0C0-62F5-6FD7-FB82-1A1C8243C39F}.Debug|Any CPU.ActiveCfg = Debug|Any CPU
		{6CBEA0C0-62F5-6FD7-FB82-1A1C8243C39F}.Debug|Any CPU.Build.0 = Debug|Any CPU
		{6CBEA0C0-62F5-6FD7-FB82-1A1C8243C39F}.Release|Any CPU.ActiveCfg = Release|Any CPU
		{6CBEA0C0-62F5-6FD7-FB82-1A1C8243C39F}.Release|Any CPU.Build.0 = Release|Any CPU
		{1AFC219C-A52E-BD2D-9855-B2B5BB366AB4}.Debug|Any CPU.ActiveCfg = Debug|Any CPU
		{1AFC219C-A52E-BD2D-9855-B2B5BB366AB4}.Debug|Any CPU.Build.0 = Debug|Any CPU
		{1AFC219C-A52E-BD2D-9855-B2B5BB366AB4}.Release|Any CPU.ActiveCfg = Release|Any CPU
		{1AFC219C-A52E-BD2D-9855-B2B5BB366AB4}.Release|Any CPU.Build.0 = Release|Any CPU
		{AA507779-A225-C13B-305F-3FD24733C16B}.Debug|Any CPU.ActiveCfg = Debug|Any CPU
		{AA507779-A225-C13B-305F-3FD24733C16B}.Debug|Any CPU.Build.0 = Debug|Any CPU
		{AA507779-A225-C13B-305F-3FD24733C16B}.Release|Any CPU.ActiveCfg = Release|Any CPU
		{AA507779-A225-C13B-305F-3FD24733C16B}.Release|Any CPU.Build.0 = Release|Any CPU
		{8531771B-4012-DC63-DEFF-BDD724133D35}.Debug|Any CPU.ActiveCfg = Debug|Any CPU
		{8531771B-4012-DC63-DEFF-BDD724133D35}.Debug|Any CPU.Build.0 = Debug|Any CPU
		{8531771B-4012-DC63-DEFF-BDD724133D35}.Release|Any CPU.ActiveCfg = Release|Any CPU
		{8531771B-4012-DC63-DEFF-BDD724133D35}.Release|Any CPU.Build.0 = Release|Any CPU
		{1EEF3B54-351B-0E40-885E-6772A1A2D782}.Debug|Any CPU.ActiveCfg = Debug|Any CPU
		{1EEF3B54-351B-0E40-885E-6772A1A2D782}.Debug|Any CPU.Build.0 = Debug|Any CPU
		{1EEF3B54-351B-0E40-885E-6772A1A2D782}.Release|Any CPU.ActiveCfg = Release|Any CPU
		{1EEF3B54-351B-0E40-885E-6772A1A2D782}.Release|Any CPU.Build.0 = Release|Any CPU
		{CFDCD590-69BA-FB9D-0011-FCC4249B07F8}.Debug|Any CPU.ActiveCfg = Debug|Any CPU
		{CFDCD590-69BA-FB9D-0011-FCC4249B07F8}.Debug|Any CPU.Build.0 = Debug|Any CPU
		{CFDCD590-69BA-FB9D-0011-FCC4249B07F8}.Release|Any CPU.ActiveCfg = Release|Any CPU
		{CFDCD590-69BA-FB9D-0011-FCC4249B07F8}.Release|Any CPU.Build.0 = Release|Any CPU
		{1934A269-B590-EB26-5B87-09336A737E92}.Debug|Any CPU.ActiveCfg = Debug|Any CPU
		{1934A269-B590-EB26-5B87-09336A737E92}.Debug|Any CPU.Build.0 = Debug|Any CPU
		{1934A269-B590-EB26-5B87-09336A737E92}.Release|Any CPU.ActiveCfg = Release|Any CPU
		{1934A269-B590-EB26-5B87-09336A737E92}.Release|Any CPU.Build.0 = Release|Any CPU
		{C94CF819-54AA-6DB1-F700-8AA3A0243899}.Debug|Any CPU.ActiveCfg = Debug|Any CPU
		{C94CF819-54AA-6DB1-F700-8AA3A0243899}.Debug|Any CPU.Build.0 = Debug|Any CPU
		{C94CF819-54AA-6DB1-F700-8AA3A0243899}.Release|Any CPU.ActiveCfg = Release|Any CPU
		{C94CF819-54AA-6DB1-F700-8AA3A0243899}.Release|Any CPU.Build.0 = Release|Any CPU
		{D37032AB-26A8-73D2-D903-0BE77200D5D0}.Debug|Any CPU.ActiveCfg = Debug|Any CPU
		{D37032AB-26A8-73D2-D903-0BE77200D5D0}.Debug|Any CPU.Build.0 = Debug|Any CPU
		{D37032AB-26A8-73D2-D903-0BE77200D5D0}.Release|Any CPU.ActiveCfg = Release|Any CPU
		{D37032AB-26A8-73D2-D903-0BE77200D5D0}.Release|Any CPU.Build.0 = Release|Any CPU
		{9C365772-3775-90DC-9571-8D133C0D82C8}.Debug|Any CPU.ActiveCfg = Debug|Any CPU
		{9C365772-3775-90DC-9571-8D133C0D82C8}.Debug|Any CPU.Build.0 = Debug|Any CPU
		{9C365772-3775-90DC-9571-8D133C0D82C8}.Release|Any CPU.ActiveCfg = Release|Any CPU
		{9C365772-3775-90DC-9571-8D133C0D82C8}.Release|Any CPU.Build.0 = Release|Any CPU
		{C0DA56FA-4A85-0515-B313-4F255E21E5D9}.Debug|Any CPU.ActiveCfg = Debug|Any CPU
		{C0DA56FA-4A85-0515-B313-4F255E21E5D9}.Debug|Any CPU.Build.0 = Debug|Any CPU
		{C0DA56FA-4A85-0515-B313-4F255E21E5D9}.Release|Any CPU.ActiveCfg = Release|Any CPU
		{C0DA56FA-4A85-0515-B313-4F255E21E5D9}.Release|Any CPU.Build.0 = Release|Any CPU
		{9CB9CC53-F7CB-D787-464A-0EED0A5414DD}.Debug|Any CPU.ActiveCfg = Debug|Any CPU
		{9CB9CC53-F7CB-D787-464A-0EED0A5414DD}.Debug|Any CPU.Build.0 = Debug|Any CPU
		{9CB9CC53-F7CB-D787-464A-0EED0A5414DD}.Release|Any CPU.ActiveCfg = Release|Any CPU
		{9CB9CC53-F7CB-D787-464A-0EED0A5414DD}.Release|Any CPU.Build.0 = Release|Any CPU
		{0FF32740-5218-1A02-2891-CE8318D61D3E}.Debug|Any CPU.ActiveCfg = Debug|Any CPU
		{0FF32740-5218-1A02-2891-CE8318D61D3E}.Debug|Any CPU.Build.0 = Debug|Any CPU
		{0FF32740-5218-1A02-2891-CE8318D61D3E}.Release|Any CPU.ActiveCfg = Release|Any CPU
		{0FF32740-5218-1A02-2891-CE8318D61D3E}.Release|Any CPU.Build.0 = Release|Any CPU
		{BA8C7A0A-66C5-B10C-0C90-E1FE8493C033}.Debug|Any CPU.ActiveCfg = Debug|Any CPU
		{BA8C7A0A-66C5-B10C-0C90-E1FE8493C033}.Debug|Any CPU.Build.0 = Debug|Any CPU
		{BA8C7A0A-66C5-B10C-0C90-E1FE8493C033}.Release|Any CPU.ActiveCfg = Release|Any CPU
		{BA8C7A0A-66C5-B10C-0C90-E1FE8493C033}.Release|Any CPU.Build.0 = Release|Any CPU
		{3BAC2BB2-EB7E-BA92-04F6-731830CFA388}.Debug|Any CPU.ActiveCfg = Debug|Any CPU
		{3BAC2BB2-EB7E-BA92-04F6-731830CFA388}.Debug|Any CPU.Build.0 = Debug|Any CPU
		{3BAC2BB2-EB7E-BA92-04F6-731830CFA388}.Release|Any CPU.ActiveCfg = Release|Any CPU
		{3BAC2BB2-EB7E-BA92-04F6-731830CFA388}.Release|Any CPU.Build.0 = Release|Any CPU
	EndGlobalSection
	GlobalSection(SolutionProperties) = preSolution
		HideSolutionNode = FALSE
	EndGlobalSection
EndGlobal
